
Microsoft Visual Studio Solution File, Format Version 12.00
# Visual Studio 2013
VisualStudioVersion = 12.0.40629.0
MinimumVisualStudioVersion = 10.0.40219.1
Project("{2150E333-8FDC-42A3-9474-1A3956D46DE8}") = ".nuget", ".nuget", "{00E8142D-33CC-4568-9F8B-3C60343ABB4E}"
	ProjectSection(SolutionItems) = preProject
		.nuget\NuGet.Config = .nuget\NuGet.Config
		.nuget\NuGet.exe = .nuget\NuGet.exe
		.nuget\NuGet.targets = .nuget\NuGet.targets
	EndProjectSection
EndProject
Project("{FAE04EC0-301F-11D3-BF4B-00C04F79EFBC}") = "WsdlFlattener", "WsdlFlattener\WsdlFlattener.csproj", "{5ECEE192-C253-4183-BA4D-2187EA6ED5C1}"
EndProject
Project("{FAE04EC0-301F-11D3-BF4B-00C04F79EFBC}") = "WsdlFlattenerConsole", "WsdlFlattenerConsole\WsdlFlattenerConsole.csproj", "{08D6B08F-51F1-46DD-A125-BC3C83941AF4}"
EndProject
Global
	GlobalSection(TeamFoundationVersionControl) = preSolution
		SccNumberOfProjects = 3
		SccEnterpriseProvider = {4CA58AB2-18FA-4F8D-95D4-32DDF27D184C}
		SccTeamFoundationServer = https://camilo.visualstudio.com/defaultcollection
		SccProjectUniqueName0 = WsdlFlattener\\WsdlFlattener.csproj
		SccProjectName0 = WsdlFlattener
		SccLocalPath0 = WsdlFlattener
		SccProjectUniqueName1 = WsdlFlattenerConsole\\WsdlFlattenerConsole.csproj
		SccProjectName1 = WsdlFlattenerConsole
		SccLocalPath1 = WsdlFlattenerConsole
		SccLocalPath2 = .
	EndGlobalSection
	GlobalSection(SolutionConfigurationPlatforms) = preSolution
		Debug|Any CPU = Debug|Any CPU
		Release|Any CPU = Release|Any CPU
	EndGlobalSection
	GlobalSection(ProjectConfigurationPlatforms) = postSolution
		{5ECEE192-C253-4183-BA4D-2187EA6ED5C1}.Debug|Any CPU.ActiveCfg = Debug|Any CPU
		{5ECEE192-C253-4183-BA4D-2187EA6ED5C1}.Debug|Any CPU.Build.0 = Debug|Any CPU
		{5ECEE192-C253-4183-BA4D-2187EA6ED5C1}.Release|Any CPU.ActiveCfg = Release|Any CPU
		{5ECEE192-C253-4183-BA4D-2187EA6ED5C1}.Release|Any CPU.Build.0 = Release|Any CPU
		{08D6B08F-51F1-46DD-A125-BC3C83941AF4}.Debug|Any CPU.ActiveCfg = Debug|Any CPU
		{08D6B08F-51F1-46DD-A125-BC3C83941AF4}.Debug|Any CPU.Build.0 = Debug|Any CPU
		{08D6B08F-51F1-46DD-A125-BC3C83941AF4}.Release|Any CPU.ActiveCfg = Release|Any CPU
		{08D6B08F-51F1-46DD-A125-BC3C83941AF4}.Release|Any CPU.Build.0 = Release|Any CPU
	EndGlobalSection
	GlobalSection(SolutionProperties) = preSolution
		HideSolutionNode = FALSE
	EndGlobalSection
EndGlobal
